// !$*UTF8*$!
{
	archiveVersion = 1;
	classes = {
	};
	objectVersion = 51;
	objects = {

/* Begin PBXBuildFile section */
		0956E790320F0F4E19EC8B66 /* Pods_DroneParking.framework in Frameworks */ = {isa = PBXBuildFile; fileRef = 547402F0232CD29022DAE736 /* Pods_DroneParking.framework */; };
		8422415026D53A54009F200F /* FlightService.swift in Sources */ = {isa = PBXBuildFile; fileRef = 8422414F26D53A54009F200F /* FlightService.swift */; };
		8478672A26B0605E00D402C6 /* AppDelegate.swift in Sources */ = {isa = PBXBuildFile; fileRef = 8478672926B0605E00D402C6 /* AppDelegate.swift */; };
		8478672C26B0605E00D402C6 /* SceneDelegate.swift in Sources */ = {isa = PBXBuildFile; fileRef = 8478672B26B0605E00D402C6 /* SceneDelegate.swift */; };
		8478673126B0605E00D402C6 /* Main.storyboard in Resources */ = {isa = PBXBuildFile; fileRef = 8478672F26B0605E00D402C6 /* Main.storyboard */; };
		8478673326B0606000D402C6 /* Assets.xcassets in Resources */ = {isa = PBXBuildFile; fileRef = 8478673226B0606000D402C6 /* Assets.xcassets */; };
		8478673626B0606000D402C6 /* LaunchScreen.storyboard in Resources */ = {isa = PBXBuildFile; fileRef = 8478673426B0606000D402C6 /* LaunchScreen.storyboard */; };
		8478673E26B0889F00D402C6 /* RootViewController.swift in Sources */ = {isa = PBXBuildFile; fileRef = 8478673D26B0889F00D402C6 /* RootViewController.swift */; };
		8478674126B08FD300D402C6 /* UIUtilities.swift in Sources */ = {isa = PBXBuildFile; fileRef = 8478674026B08FD300D402C6 /* UIUtilities.swift */; };
		8478674426B0ADB300D402C6 /* MapViewController.swift in Sources */ = {isa = PBXBuildFile; fileRef = 8478674326B0ADB300D402C6 /* MapViewController.swift */; };
		84D71F0A26B1900B0077C0E3 /* MapService.swift in Sources */ = {isa = PBXBuildFile; fileRef = 84D71F0926B1900B0077C0E3 /* MapService.swift */; };
		84D71F0C26B199370077C0E3 /* Constants.swift in Sources */ = {isa = PBXBuildFile; fileRef = 84D71F0B26B199370077C0E3 /* Constants.swift */; };
		84D71F1126B2240A0077C0E3 /* AircraftAnnotationView.swift in Sources */ = {isa = PBXBuildFile; fileRef = 84D71F1026B2240A0077C0E3 /* AircraftAnnotationView.swift */; };
		84D71F1326B3020A0077C0E3 /* DJIUtilities.swift in Sources */ = {isa = PBXBuildFile; fileRef = 84D71F1226B3020A0077C0E3 /* DJIUtilities.swift */; };
/* End PBXBuildFile section */

/* Begin PBXFileReference section */
		547402F0232CD29022DAE736 /* Pods_DroneParking.framework */ = {isa = PBXFileReference; explicitFileType = wrapper.framework; includeInIndex = 0; path = Pods_DroneParking.framework; sourceTree = BUILT_PRODUCTS_DIR; };
		8422414F26D53A54009F200F /* FlightService.swift */ = {isa = PBXFileReference; lastKnownFileType = sourcecode.swift; path = FlightService.swift; sourceTree = "<group>"; };
		8478672626B0605E00D402C6 /* DroneParking.app */ = {isa = PBXFileReference; explicitFileType = wrapper.application; includeInIndex = 0; path = DroneParking.app; sourceTree = BUILT_PRODUCTS_DIR; };
		8478672926B0605E00D402C6 /* AppDelegate.swift */ = {isa = PBXFileReference; lastKnownFileType = sourcecode.swift; path = AppDelegate.swift; sourceTree = "<group>"; };
		8478672B26B0605E00D402C6 /* SceneDelegate.swift */ = {isa = PBXFileReference; lastKnownFileType = sourcecode.swift; path = SceneDelegate.swift; sourceTree = "<group>"; };
		8478673026B0605E00D402C6 /* Base */ = {isa = PBXFileReference; lastKnownFileType = file.storyboard; name = Base; path = Base.lproj/Main.storyboard; sourceTree = "<group>"; };
		8478673226B0606000D402C6 /* Assets.xcassets */ = {isa = PBXFileReference; lastKnownFileType = folder.assetcatalog; path = Assets.xcassets; sourceTree = "<group>"; };
		8478673526B0606000D402C6 /* Base */ = {isa = PBXFileReference; lastKnownFileType = file.storyboard; name = Base; path = Base.lproj/LaunchScreen.storyboard; sourceTree = "<group>"; };
		8478673726B0606000D402C6 /* Info.plist */ = {isa = PBXFileReference; lastKnownFileType = text.plist.xml; path = Info.plist; sourceTree = "<group>"; };
		8478673D26B0889F00D402C6 /* RootViewController.swift */ = {isa = PBXFileReference; lastKnownFileType = sourcecode.swift; path = RootViewController.swift; sourceTree = "<group>"; };
		8478674026B08FD300D402C6 /* UIUtilities.swift */ = {isa = PBXFileReference; lastKnownFileType = sourcecode.swift; path = UIUtilities.swift; sourceTree = "<group>"; };
		8478674326B0ADB300D402C6 /* MapViewController.swift */ = {isa = PBXFileReference; lastKnownFileType = sourcecode.swift; path = MapViewController.swift; sourceTree = "<group>"; };
		84D71F0926B1900B0077C0E3 /* MapService.swift */ = {isa = PBXFileReference; lastKnownFileType = sourcecode.swift; path = MapService.swift; sourceTree = "<group>"; };
		84D71F0B26B199370077C0E3 /* Constants.swift */ = {isa = PBXFileReference; lastKnownFileType = sourcecode.swift; path = Constants.swift; sourceTree = "<group>"; };
		84D71F1026B2240A0077C0E3 /* AircraftAnnotationView.swift */ = {isa = PBXFileReference; lastKnownFileType = sourcecode.swift; path = AircraftAnnotationView.swift; sourceTree = "<group>"; };
		84D71F1226B3020A0077C0E3 /* DJIUtilities.swift */ = {isa = PBXFileReference; lastKnownFileType = sourcecode.swift; path = DJIUtilities.swift; sourceTree = "<group>"; };
		A8DC446D39D31AF9FEEB17FF /* Pods-DroneParking.release.xcconfig */ = {isa = PBXFileReference; includeInIndex = 1; lastKnownFileType = text.xcconfig; name = "Pods-DroneParking.release.xcconfig"; path = "Target Support Files/Pods-DroneParking/Pods-DroneParking.release.xcconfig"; sourceTree = "<group>"; };
		DA5066A19C980F011F46E9E7 /* Pods-DroneParking.debug.xcconfig */ = {isa = PBXFileReference; includeInIndex = 1; lastKnownFileType = text.xcconfig; name = "Pods-DroneParking.debug.xcconfig"; path = "Target Support Files/Pods-DroneParking/Pods-DroneParking.debug.xcconfig"; sourceTree = "<group>"; };
/* End PBXFileReference section */

/* Begin PBXFrameworksBuildPhase section */
		8478672326B0605E00D402C6 /* Frameworks */ = {
			isa = PBXFrameworksBuildPhase;
			buildActionMask = 2147483647;
			files = (
				0956E790320F0F4E19EC8B66 /* Pods_DroneParking.framework in Frameworks */,
			);
			runOnlyForDeploymentPostprocessing = 0;
		};
/* End PBXFrameworksBuildPhase section */

/* Begin PBXGroup section */
		8478671D26B0605E00D402C6 = {
			isa = PBXGroup;
			children = (
				8478672826B0605E00D402C6 /* DroneParking */,
				8478672726B0605E00D402C6 /* Products */,
				AB57464EC91608E4394469AE /* Pods */,
				DE7A0B80D60814F8C56F7A0B /* Frameworks */,
			);
			sourceTree = "<group>";
		};
		8478672726B0605E00D402C6 /* Products */ = {
			isa = PBXGroup;
			children = (
				8478672626B0605E00D402C6 /* DroneParking.app */,
			);
			name = Products;
			sourceTree = "<group>";
		};
		8478672826B0605E00D402C6 /* DroneParking */ = {
			isa = PBXGroup;
			children = (
				84D71F0D26B223DE0077C0E3 /* Views */,
				8478674226B0AD6800D402C6 /* Controllers */,
				8478673F26B08FB000D402C6 /* Services */,
				8478672926B0605E00D402C6 /* AppDelegate.swift */,
				8478672B26B0605E00D402C6 /* SceneDelegate.swift */,
				8478672F26B0605E00D402C6 /* Main.storyboard */,
				8478673226B0606000D402C6 /* Assets.xcassets */,
				8478673426B0606000D402C6 /* LaunchScreen.storyboard */,
				8478673726B0606000D402C6 /* Info.plist */,
				84D71F0B26B199370077C0E3 /* Constants.swift */,
			);
			path = DroneParking;
			sourceTree = "<group>";
		};
		8478673F26B08FB000D402C6 /* Services */ = {
			isa = PBXGroup;
			children = (
				8478674026B08FD300D402C6 /* UIUtilities.swift */,
				84D71F0926B1900B0077C0E3 /* MapService.swift */,
				84D71F1226B3020A0077C0E3 /* DJIUtilities.swift */,
				8422414F26D53A54009F200F /* FlightService.swift */,
			);
			path = Services;
			sourceTree = "<group>";
		};
		8478674226B0AD6800D402C6 /* Controllers */ = {
			isa = PBXGroup;
			children = (
				8478673D26B0889F00D402C6 /* RootViewController.swift */,
				8478674326B0ADB300D402C6 /* MapViewController.swift */,
			);
			path = Controllers;
			sourceTree = "<group>";
		};
		84D71F0D26B223DE0077C0E3 /* Views */ = {
			isa = PBXGroup;
			children = (
				84D71F1026B2240A0077C0E3 /* AircraftAnnotationView.swift */,
			);
			path = Views;
			sourceTree = "<group>";
		};
		AB57464EC91608E4394469AE /* Pods */ = {
			isa = PBXGroup;
			children = (
				DA5066A19C980F011F46E9E7 /* Pods-DroneParking.debug.xcconfig */,
				A8DC446D39D31AF9FEEB17FF /* Pods-DroneParking.release.xcconfig */,
			);
			path = Pods;
			sourceTree = "<group>";
		};
		DE7A0B80D60814F8C56F7A0B /* Frameworks */ = {
			isa = PBXGroup;
			children = (
				547402F0232CD29022DAE736 /* Pods_DroneParking.framework */,
			);
			name = Frameworks;
			sourceTree = "<group>";
		};
/* End PBXGroup section */

/* Begin PBXNativeTarget section */
		8478672526B0605E00D402C6 /* DroneParking */ = {
			isa = PBXNativeTarget;
			buildConfigurationList = 8478673A26B0606000D402C6 /* Build configuration list for PBXNativeTarget "DroneParking" */;
			buildPhases = (
				FEEA0A4D4D100341D40E0E03 /* [CP] Check Pods Manifest.lock */,
				8478672226B0605E00D402C6 /* Sources */,
				8478672326B0605E00D402C6 /* Frameworks */,
				8478672426B0605E00D402C6 /* Resources */,
				47FDFAF40CEFACFAE29FD38B /* [CP] Embed Pods Frameworks */,
			);
			buildRules = (
			);
			dependencies = (
			);
			name = DroneParking;
			productName = DroneParking;
			productReference = 8478672626B0605E00D402C6 /* DroneParking.app */;
			productType = "com.apple.product-type.application";
		};
/* End PBXNativeTarget section */

/* Begin PBXProject section */
		8478671E26B0605E00D402C6 /* Project object */ = {
			isa = PBXProject;
			attributes = {
				LastSwiftUpdateCheck = 1250;
				LastUpgradeCheck = 1250;
				TargetAttributes = {
					8478672526B0605E00D402C6 = {
						CreatedOnToolsVersion = 12.5.1;
					};
				};
			};
			buildConfigurationList = 8478672126B0605E00D402C6 /* Build configuration list for PBXProject "DroneParking" */;
			compatibilityVersion = "Xcode 9.3";
			developmentRegion = en;
			hasScannedForEncodings = 0;
			knownRegions = (
				en,
				Base,
			);
			mainGroup = 8478671D26B0605E00D402C6;
			productRefGroup = 8478672726B0605E00D402C6 /* Products */;
			projectDirPath = "";
			projectRoot = "";
			targets = (
				8478672526B0605E00D402C6 /* DroneParking */,
			);
		};
/* End PBXProject section */

/* Begin PBXResourcesBuildPhase section */
		8478672426B0605E00D402C6 /* Resources */ = {
			isa = PBXResourcesBuildPhase;
			buildActionMask = 2147483647;
			files = (
				8478673626B0606000D402C6 /* LaunchScreen.storyboard in Resources */,
				8478673326B0606000D402C6 /* Assets.xcassets in Resources */,
				8478673126B0605E00D402C6 /* Main.storyboard in Resources */,
			);
			runOnlyForDeploymentPostprocessing = 0;
		};
/* End PBXResourcesBuildPhase section */

/* Begin PBXShellScriptBuildPhase section */
		47FDFAF40CEFACFAE29FD38B /* [CP] Embed Pods Frameworks */ = {
			isa = PBXShellScriptBuildPhase;
			buildActionMask = 2147483647;
			files = (
			);
			inputFileListPaths = (
				"${PODS_ROOT}/Target Support Files/Pods-DroneParking/Pods-DroneParking-frameworks-${CONFIGURATION}-input-files.xcfilelist",
			);
			name = "[CP] Embed Pods Frameworks";
			outputFileListPaths = (
				"${PODS_ROOT}/Target Support Files/Pods-DroneParking/Pods-DroneParking-frameworks-${CONFIGURATION}-output-files.xcfilelist",
			);
			runOnlyForDeploymentPostprocessing = 0;
			shellPath = /bin/sh;
			shellScript = "\"${PODS_ROOT}/Target Support Files/Pods-DroneParking/Pods-DroneParking-frameworks.sh\"\n";
			showEnvVarsInLog = 0;
		};
		FEEA0A4D4D100341D40E0E03 /* [CP] Check Pods Manifest.lock */ = {
			isa = PBXShellScriptBuildPhase;
			buildActionMask = 2147483647;
			files = (
			);
			inputFileListPaths = (
			);
			inputPaths = (
				"${PODS_PODFILE_DIR_PATH}/Podfile.lock",
				"${PODS_ROOT}/Manifest.lock",
			);
			name = "[CP] Check Pods Manifest.lock";
			outputFileListPaths = (
			);
			outputPaths = (
				"$(DERIVED_FILE_DIR)/Pods-DroneParking-checkManifestLockResult.txt",
			);
			runOnlyForDeploymentPostprocessing = 0;
			shellPath = /bin/sh;
			shellScript = "diff \"${PODS_PODFILE_DIR_PATH}/Podfile.lock\" \"${PODS_ROOT}/Manifest.lock\" > /dev/null\nif [ $? != 0 ] ; then\n    # print error to STDERR\n    echo \"error: The sandbox is not in sync with the Podfile.lock. Run 'pod install' or update your CocoaPods installation.\" >&2\n    exit 1\nfi\n# This output is used by Xcode 'outputs' to avoid re-running this script phase.\necho \"SUCCESS\" > \"${SCRIPT_OUTPUT_FILE_0}\"\n";
			showEnvVarsInLog = 0;
		};
/* End PBXShellScriptBuildPhase section */

/* Begin PBXSourcesBuildPhase section */
		8478672226B0605E00D402C6 /* Sources */ = {
			isa = PBXSourcesBuildPhase;
			buildActionMask = 2147483647;
			files = (
				8478672A26B0605E00D402C6 /* AppDelegate.swift in Sources */,
				84D71F1126B2240A0077C0E3 /* AircraftAnnotationView.swift in Sources */,
				84D71F1326B3020A0077C0E3 /* DJIUtilities.swift in Sources */,
				8478672C26B0605E00D402C6 /* SceneDelegate.swift in Sources */,
				84D71F0A26B1900B0077C0E3 /* MapService.swift in Sources */,
				8478674126B08FD300D402C6 /* UIUtilities.swift in Sources */,
				84D71F0C26B199370077C0E3 /* Constants.swift in Sources */,
				8478674426B0ADB300D402C6 /* MapViewController.swift in Sources */,
				8478673E26B0889F00D402C6 /* RootViewController.swift in Sources */,
				8422415026D53A54009F200F /* FlightService.swift in Sources */,
			);
			runOnlyForDeploymentPostprocessing = 0;
		};
/* End PBXSourcesBuildPhase section */

/* Begin PBXVariantGroup section */
		8478672F26B0605E00D402C6 /* Main.storyboard */ = {
			isa = PBXVariantGroup;
			children = (
				8478673026B0605E00D402C6 /* Base */,
			);
			name = Main.storyboard;
			sourceTree = "<group>";
		};
		8478673426B0606000D402C6 /* LaunchScreen.storyboard */ = {
			isa = PBXVariantGroup;
			children = (
				8478673526B0606000D402C6 /* Base */,
			);
			name = LaunchScreen.storyboard;
			sourceTree = "<group>";
		};
/* End PBXVariantGroup section */

/* Begin XCBuildConfiguration section */
		8478673826B0606000D402C6 /* Debug */ = {
			isa = XCBuildConfiguration;
			buildSettings = {
				ALWAYS_SEARCH_USER_PATHS = NO;
				CLANG_ANALYZER_NONNULL = YES;
				CLANG_ANALYZER_NUMBER_OBJECT_CONVERSION = YES_AGGRESSIVE;
				CLANG_CXX_LANGUAGE_STANDARD = "gnu++14";
				CLANG_CXX_LIBRARY = "libc++";
				CLANG_ENABLE_MODULES = YES;
				CLANG_ENABLE_OBJC_ARC = YES;
				CLANG_ENABLE_OBJC_WEAK = YES;
				CLANG_WARN_BLOCK_CAPTURE_AUTORELEASING = YES;
				CLANG_WARN_BOOL_CONVERSION = YES;
				CLANG_WARN_COMMA = YES;
				CLANG_WARN_CONSTANT_CONVERSION = YES;
				CLANG_WARN_DEPRECATED_OBJC_IMPLEMENTATIONS = YES;
				CLANG_WARN_DIRECT_OBJC_ISA_USAGE = YES_ERROR;
				CLANG_WARN_DOCUMENTATION_COMMENTS = YES;
				CLANG_WARN_EMPTY_BODY = YES;
				CLANG_WARN_ENUM_CONVERSION = YES;
				CLANG_WARN_INFINITE_RECURSION = YES;
				CLANG_WARN_INT_CONVERSION = YES;
				CLANG_WARN_NON_LITERAL_NULL_CONVERSION = YES;
				CLANG_WARN_OBJC_IMPLICIT_RETAIN_SELF = YES;
				CLANG_WARN_OBJC_LITERAL_CONVERSION = YES;
				CLANG_WARN_OBJC_ROOT_CLASS = YES_ERROR;
				CLANG_WARN_QUOTED_INCLUDE_IN_FRAMEWORK_HEADER = YES;
				CLANG_WARN_RANGE_LOOP_ANALYSIS = YES;
				CLANG_WARN_STRICT_PROTOTYPES = YES;
				CLANG_WARN_SUSPICIOUS_MOVE = YES;
				CLANG_WARN_UNGUARDED_AVAILABILITY = YES_AGGRESSIVE;
				CLANG_WARN_UNREACHABLE_CODE = YES;
				CLANG_WARN__DUPLICATE_METHOD_MATCH = YES;
				COPY_PHASE_STRIP = NO;
				DEBUG_INFORMATION_FORMAT = dwarf;
				ENABLE_STRICT_OBJC_MSGSEND = YES;
				ENABLE_TESTABILITY = YES;
				GCC_C_LANGUAGE_STANDARD = gnu11;
				GCC_DYNAMIC_NO_PIC = NO;
				GCC_NO_COMMON_BLOCKS = YES;
				GCC_OPTIMIZATION_LEVEL = 0;
				GCC_PREPROCESSOR_DEFINITIONS = (
					"DEBUG=1",
					"$(inherited)",
				);
				GCC_WARN_64_TO_32_BIT_CONVERSION = YES;
				GCC_WARN_ABOUT_RETURN_TYPE = YES_ERROR;
				GCC_WARN_UNDECLARED_SELECTOR = YES;
				GCC_WARN_UNINITIALIZED_AUTOS = YES_AGGRESSIVE;
				GCC_WARN_UNUSED_FUNCTION = YES;
				GCC_WARN_UNUSED_VARIABLE = YES;
				IPHONEOS_DEPLOYMENT_TARGET = 14.5;
				MTL_ENABLE_DEBUG_INFO = INCLUDE_SOURCE;
				MTL_FAST_MATH = YES;
				ONLY_ACTIVE_ARCH = YES;
				SDKROOT = iphoneos;
				SWIFT_ACTIVE_COMPILATION_CONDITIONS = DEBUG;
				SWIFT_OPTIMIZATION_LEVEL = "-Onone";
			};
			name = Debug;
		};
		8478673926B0606000D402C6 /* Release */ = {
			isa = XCBuildConfiguration;
			buildSettings = {
				ALWAYS_SEARCH_USER_PATHS = NO;
				CLANG_ANALYZER_NONNULL = YES;
				CLANG_ANALYZER_NUMBER_OBJECT_CONVERSION = YES_AGGRESSIVE;
				CLANG_CXX_LANGUAGE_STANDARD = "gnu++14";
				CLANG_CXX_LIBRARY = "libc++";
				CLANG_ENABLE_MODULES = YES;
				CLANG_ENABLE_OBJC_ARC = YES;
				CLANG_ENABLE_OBJC_WEAK = YES;
				CLANG_WARN_BLOCK_CAPTURE_AUTORELEASING = YES;
				CLANG_WARN_BOOL_CONVERSION = YES;
				CLANG_WARN_COMMA = YES;
				CLANG_WARN_CONSTANT_CONVERSION = YES;
				CLANG_WARN_DEPRECATED_OBJC_IMPLEMENTATIONS = YES;
				CLANG_WARN_DIRECT_OBJC_ISA_USAGE = YES_ERROR;
				CLANG_WARN_DOCUMENTATION_COMMENTS = YES;
				CLANG_WARN_EMPTY_BODY = YES;
				CLANG_WARN_ENUM_CONVERSION = YES;
				CLANG_WARN_INFINITE_RECURSION = YES;
				CLANG_WARN_INT_CONVERSION = YES;
				CLANG_WARN_NON_LITERAL_NULL_CONVERSION = YES;
				CLANG_WARN_OBJC_IMPLICIT_RETAIN_SELF = YES;
				CLANG_WARN_OBJC_LITERAL_CONVERSION = YES;
				CLANG_WARN_OBJC_ROOT_CLASS = YES_ERROR;
				CLANG_WARN_QUOTED_INCLUDE_IN_FRAMEWORK_HEADER = YES;
				CLANG_WARN_RANGE_LOOP_ANALYSIS = YES;
				CLANG_WARN_STRICT_PROTOTYPES = YES;
				CLANG_WARN_SUSPICIOUS_MOVE = YES;
				CLANG_WARN_UNGUARDED_AVAILABILITY = YES_AGGRESSIVE;
				CLANG_WARN_UNREACHABLE_CODE = YES;
				CLANG_WARN__DUPLICATE_METHOD_MATCH = YES;
				COPY_PHASE_STRIP = NO;
				DEBUG_INFORMATION_FORMAT = "dwarf-with-dsym";
				ENABLE_NS_ASSERTIONS = NO;
				ENABLE_STRICT_OBJC_MSGSEND = YES;
				GCC_C_LANGUAGE_STANDARD = gnu11;
				GCC_NO_COMMON_BLOCKS = YES;
				GCC_WARN_64_TO_32_BIT_CONVERSION = YES;
				GCC_WARN_ABOUT_RETURN_TYPE = YES_ERROR;
				GCC_WARN_UNDECLARED_SELECTOR = YES;
				GCC_WARN_UNINITIALIZED_AUTOS = YES_AGGRESSIVE;
				GCC_WARN_UNUSED_FUNCTION = YES;
				GCC_WARN_UNUSED_VARIABLE = YES;
				IPHONEOS_DEPLOYMENT_TARGET = 14.5;
				MTL_ENABLE_DEBUG_INFO = NO;
				MTL_FAST_MATH = YES;
				SDKROOT = iphoneos;
				SWIFT_COMPILATION_MODE = wholemodule;
				SWIFT_OPTIMIZATION_LEVEL = "-O";
				VALIDATE_PRODUCT = YES;
			};
			name = Release;
		};
		8478673B26B0606000D402C6 /* Debug */ = {
			isa = XCBuildConfiguration;
			baseConfigurationReference = DA5066A19C980F011F46E9E7 /* Pods-DroneParking.debug.xcconfig */;
			buildSettings = {
				ASSETCATALOG_COMPILER_APPICON_NAME = AppIcon;
				ASSETCATALOG_COMPILER_GLOBAL_ACCENT_COLOR_NAME = AccentColor;
				CODE_SIGN_STYLE = Automatic;
				DEVELOPMENT_TEAM = FQC22TV9PP;
				INFOPLIST_FILE = DroneParking/Info.plist;
				LD_RUNPATH_SEARCH_PATHS = (
					"$(inherited)",
					"@executable_path/Frameworks",
				);
				PRODUCT_BUNDLE_IDENTIFIER = com.scottcorbat.DroneParking;
				PRODUCT_NAME = "$(TARGET_NAME)";
				SWIFT_VERSION = 5.0;
				TARGETED_DEVICE_FAMILY = "1,2";
			};
			name = Debug;
		};
		8478673C26B0606000D402C6 /* Release */ = {
			isa = XCBuildConfiguration;
			baseConfigurationReference = A8DC446D39D31AF9FEEB17FF /* Pods-DroneParking.release.xcconfig */;
			buildSettings = {
				ASSETCATALOG_COMPILER_APPICON_NAME = AppIcon;
				ASSETCATALOG_COMPILER_GLOBAL_ACCENT_COLOR_NAME = AccentColor;
				CODE_SIGN_STYLE = Automatic;
				DEVELOPMENT_TEAM = FQC22TV9PP;
				INFOPLIST_FILE = DroneParking/Info.plist;
				LD_RUNPATH_SEARCH_PATHS = (
					"$(inherited)",
					"@executable_path/Frameworks",
				);
				PRODUCT_BUNDLE_IDENTIFIER = com.scottcorbat.DroneParking;
				PRODUCT_NAME = "$(TARGET_NAME)";
				SWIFT_VERSION = 5.0;
				TARGETED_DEVICE_FAMILY = "1,2";
			};
			name = Release;
		};
/* End XCBuildConfiguration section */

/* Begin XCConfigurationList section */
		8478672126B0605E00D402C6 /* Build configuration list for PBXProject "DroneParking" */ = {
			isa = XCConfigurationList;
			buildConfigurations = (
				8478673826B0606000D402C6 /* Debug */,
				8478673926B0606000D402C6 /* Release */,
			);
			defaultConfigurationIsVisible = 0;
			defaultConfigurationName = Release;
		};
		8478673A26B0606000D402C6 /* Build configuration list for PBXNativeTarget "DroneParking" */ = {
			isa = XCConfigurationList;
			buildConfigurations = (
				8478673B26B0606000D402C6 /* Debug */,
				8478673C26B0606000D402C6 /* Release */,
			);
			defaultConfigurationIsVisible = 0;
			defaultConfigurationName = Release;
		};
/* End XCConfigurationList section */
	};
	rootObject = 8478671E26B0605E00D402C6 /* Project object */;
}
